// !$*UTF8*$!
{
	archiveVersion = 1;
	classes = {
	};
	objectVersion = 46;
	objects = {

/* Begin PBXBuildFile section */
		C850506F1D82DFFC00B79D09 /* main.m in Sources */ = {isa = PBXBuildFile; fileRef = C850506E1D82DFFC00B79D09 /* main.m */; };
		C85050721D82DFFC00B79D09 /* AppDelegate.m in Sources */ = {isa = PBXBuildFile; fileRef = C85050711D82DFFC00B79D09 /* AppDelegate.m */; };
		C85050751D82DFFC00B79D09 /* ViewController.m in Sources */ = {isa = PBXBuildFile; fileRef = C85050741D82DFFC00B79D09 /* ViewController.m */; };
		C85050781D82DFFC00B79D09 /* Main.storyboard in Resources */ = {isa = PBXBuildFile; fileRef = C85050761D82DFFC00B79D09 /* Main.storyboard */; };
		C850507A1D82DFFC00B79D09 /* Assets.xcassets in Resources */ = {isa = PBXBuildFile; fileRef = C85050791D82DFFC00B79D09 /* Assets.xcassets */; };
		C850507D1D82DFFC00B79D09 /* LaunchScreen.storyboard in Resources */ = {isa = PBXBuildFile; fileRef = C850507B1D82DFFC00B79D09 /* LaunchScreen.storyboard */; };
		C85050881D82DFFD00B79D09 /* demoTests.m in Sources */ = {isa = PBXBuildFile; fileRef = C85050871D82DFFD00B79D09 /* demoTests.m */; };
		C85050931D82DFFD00B79D09 /* demoUITests.m in Sources */ = {isa = PBXBuildFile; fileRef = C85050921D82DFFD00B79D09 /* demoUITests.m */; };
/* End PBXBuildFile section */

/* Begin PBXContainerItemProxy section */
		C85050841D82DFFD00B79D09 /* PBXContainerItemProxy */ = {
			isa = PBXContainerItemProxy;
			containerPortal = C85050621D82DFFC00B79D09 /* Project object */;
			proxyType = 1;
			remoteGlobalIDString = C85050691D82DFFC00B79D09;
			remoteInfo = demo;
		};
		C850508F1D82DFFD00B79D09 /* PBXContainerItemProxy */ = {
			isa = PBXContainerItemProxy;
			containerPortal = C85050621D82DFFC00B79D09 /* Project object */;
			proxyType = 1;
			remoteGlobalIDString = C85050691D82DFFC00B79D09;
			remoteInfo = demo;
		};
/* End PBXContainerItemProxy section */

/* Begin PBXFileReference section */
		C850506A1D82DFFC00B79D09 /* demo.app */ = {isa = PBXFileReference; explicitFileType = wrapper.application; includeInIndex = 0; path = demo.app; sourceTree = BUILT_PRODUCTS_DIR; };
		C850506E1D82DFFC00B79D09 /* main.m */ = {isa = PBXFileReference; lastKnownFileType = sourcecode.c.objc; path = main.m; sourceTree = "<group>"; };
		C85050701D82DFFC00B79D09 /* AppDelegate.h */ = {isa = PBXFileReference; lastKnownFileType = sourcecode.c.h; path = AppDelegate.h; sourceTree = "<group>"; };
		C85050711D82DFFC00B79D09 /* AppDelegate.m */ = {isa = PBXFileReference; lastKnownFileType = sourcecode.c.objc; path = AppDelegate.m; sourceTree = "<group>"; };
		C85050731D82DFFC00B79D09 /* ViewController.h */ = {isa = PBXFileReference; lastKnownFileType = sourcecode.c.h; path = ViewController.h; sourceTree = "<group>"; };
		C85050741D82DFFC00B79D09 /* ViewController.m */ = {isa = PBXFileReference; lastKnownFileType = sourcecode.c.objc; path = ViewController.m; sourceTree = "<group>"; };
		C85050771D82DFFC00B79D09 /* Base */ = {isa = PBXFileReference; lastKnownFileType = file.storyboard; name = Base; path = Base.lproj/Main.storyboard; sourceTree = "<group>"; };
		C85050791D82DFFC00B79D09 /* Assets.xcassets */ = {isa = PBXFileReference; lastKnownFileType = folder.assetcatalog; path = Assets.xcassets; sourceTree = "<group>"; };
		C850507C1D82DFFC00B79D09 /* Base */ = {isa = PBXFileReference; lastKnownFileType = file.storyboard; name = Base; path = Base.lproj/LaunchScreen.storyboard; sourceTree = "<group>"; };
		C850507E1D82DFFC00B79D09 /* Info.plist */ = {isa = PBXFileReference; lastKnownFileType = text.plist.xml; path = Info.plist; sourceTree = "<group>"; };
		C85050831D82DFFD00B79D09 /* demoTests.xctest */ = {isa = PBXFileReference; explicitFileType = wrapper.cfbundle; includeInIndex = 0; path = demoTests.xctest; sourceTree = BUILT_PRODUCTS_DIR; };
		C85050871D82DFFD00B79D09 /* demoTests.m */ = {isa = PBXFileReference; lastKnownFileType = sourcecode.c.objc; path = demoTests.m; sourceTree = "<group>"; };
		C85050891D82DFFD00B79D09 /* Info.plist */ = {isa = PBXFileReference; lastKnownFileType = text.plist.xml; path = Info.plist; sourceTree = "<group>"; };
		C850508E1D82DFFD00B79D09 /* demoUITests.xctest */ = {isa = PBXFileReference; explicitFileType = wrapper.cfbundle; includeInIndex = 0; path = demoUITests.xctest; sourceTree = BUILT_PRODUCTS_DIR; };
		C85050921D82DFFD00B79D09 /* demoUITests.m */ = {isa = PBXFileReference; lastKnownFileType = sourcecode.c.objc; path = demoUITests.m; sourceTree = "<group>"; };
		C85050941D82DFFD00B79D09 /* Info.plist */ = {isa = PBXFileReference; lastKnownFileType = text.plist.xml; path = Info.plist; sourceTree = "<group>"; };
/* End PBXFileReference section */

/* Begin PBXFrameworksBuildPhase section */
		C85050671D82DFFC00B79D09 /* Frameworks */ = {
			isa = PBXFrameworksBuildPhase;
			buildActionMask = 2147483647;
			files = (
			);
			runOnlyForDeploymentPostprocessing = 0;
		};
		C85050801D82DFFD00B79D09 /* Frameworks */ = {
			isa = PBXFrameworksBuildPhase;
			buildActionMask = 2147483647;
			files = (
			);
			runOnlyForDeploymentPostprocessing = 0;
		};
		C850508B1D82DFFD00B79D09 /* Frameworks */ = {
			isa = PBXFrameworksBuildPhase;
			buildActionMask = 2147483647;
			files = (
			);
			runOnlyForDeploymentPostprocessing = 0;
		};
/* End PBXFrameworksBuildPhase section */

/* Begin PBXGroup section */
		C85050611D82DFFC00B79D09 = {
			isa = PBXGroup;
			children = (
				C850506C1D82DFFC00B79D09 /* demo */,
				C85050861D82DFFD00B79D09 /* demoTests */,
				C85050911D82DFFD00B79D09 /* demoUITests */,
				C850506B1D82DFFC00B79D09 /* Products */,
			);
			sourceTree = "<group>";
		};
		C850506B1D82DFFC00B79D09 /* Products */ = {
			isa = PBXGroup;
			children = (
				C850506A1D82DFFC00B79D09 /* demo.app */,
				C85050831D82DFFD00B79D09 /* demoTests.xctest */,
				C850508E1D82DFFD00B79D09 /* demoUITests.xctest */,
			);
			name = Products;
			sourceTree = "<group>";
		};
		C850506C1D82DFFC00B79D09 /* demo */ = {
			isa = PBXGroup;
			children = (
				C85050701D82DFFC00B79D09 /* AppDelegate.h */,
				C85050711D82DFFC00B79D09 /* AppDelegate.m */,
				C85050731D82DFFC00B79D09 /* ViewController.h */,
				C85050741D82DFFC00B79D09 /* ViewController.m */,
				C85050761D82DFFC00B79D09 /* Main.storyboard */,
				C85050791D82DFFC00B79D09 /* Assets.xcassets */,
				C850507B1D82DFFC00B79D09 /* LaunchScreen.storyboard */,
				C850507E1D82DFFC00B79D09 /* Info.plist */,
				C850506D1D82DFFC00B79D09 /* Supporting Files */,
			);
			path = demo;
			sourceTree = "<group>";
		};
		C850506D1D82DFFC00B79D09 /* Supporting Files */ = {
			isa = PBXGroup;
			children = (
				C850506E1D82DFFC00B79D09 /* main.m */,
			);
			name = "Supporting Files";
			sourceTree = "<group>";
		};
		C85050861D82DFFD00B79D09 /* demoTests */ = {
			isa = PBXGroup;
			children = (
				C85050871D82DFFD00B79D09 /* demoTests.m */,
				C85050891D82DFFD00B79D09 /* Info.plist */,
			);
			path = demoTests;
			sourceTree = "<group>";
		};
		C85050911D82DFFD00B79D09 /* demoUITests */ = {
			isa = PBXGroup;
			children = (
				C85050921D82DFFD00B79D09 /* demoUITests.m */,
				C85050941D82DFFD00B79D09 /* Info.plist */,
			);
			path = demoUITests;
			sourceTree = "<group>";
		};
/* End PBXGroup section */

/* Begin PBXNativeTarget section */
		C85050691D82DFFC00B79D09 /* demo */ = {
			isa = PBXNativeTarget;
			buildConfigurationList = C85050971D82DFFD00B79D09 /* Build configuration list for PBXNativeTarget "demo" */;
			buildPhases = (
				C85050661D82DFFC00B79D09 /* Sources */,
				C85050671D82DFFC00B79D09 /* Frameworks */,
				C85050681D82DFFC00B79D09 /* Resources */,
			);
			buildRules = (
			);
			dependencies = (
			);
			name = demo;
			productName = demo;
			productReference = C850506A1D82DFFC00B79D09 /* demo.app */;
			productType = "com.apple.product-type.application";
		};
		C85050821D82DFFD00B79D09 /* demoTests */ = {
			isa = PBXNativeTarget;
			buildConfigurationList = C850509A1D82DFFD00B79D09 /* Build configuration list for PBXNativeTarget "demoTests" */;
			buildPhases = (
				C850507F1D82DFFD00B79D09 /* Sources */,
				C85050801D82DFFD00B79D09 /* Frameworks */,
				C85050811D82DFFD00B79D09 /* Resources */,
			);
			buildRules = (
			);
			dependencies = (
				C85050851D82DFFD00B79D09 /* PBXTargetDependency */,
			);
			name = demoTests;
			productName = demoTests;
			productReference = C85050831D82DFFD00B79D09 /* demoTests.xctest */;
			productType = "com.apple.product-type.bundle.unit-test";
		};
		C850508D1D82DFFD00B79D09 /* demoUITests */ = {
			isa = PBXNativeTarget;
			buildConfigurationList = C850509D1D82DFFD00B79D09 /* Build configuration list for PBXNativeTarget "demoUITests" */;
			buildPhases = (
				C850508A1D82DFFD00B79D09 /* Sources */,
				C850508B1D82DFFD00B79D09 /* Frameworks */,
				C850508C1D82DFFD00B79D09 /* Resources */,
			);
			buildRules = (
			);
			dependencies = (
				C85050901D82DFFD00B79D09 /* PBXTargetDependency */,
			);
			name = demoUITests;
			productName = demoUITests;
			productReference = C850508E1D82DFFD00B79D09 /* demoUITests.xctest */;
			productType = "com.apple.product-type.bundle.ui-testing";
		};
/* End PBXNativeTarget section */

/* Begin PBXProject section */
		C85050621D82DFFC00B79D09 /* Project object */ = {
			isa = PBXProject;
			attributes = {
				LastUpgradeCheck = 0730;
				ORGANIZATIONNAME = "Prismetric-MD2";
				TargetAttributes = {
					C85050691D82DFFC00B79D09 = {
						CreatedOnToolsVersion = 7.3.1;
					};
					C85050821D82DFFD00B79D09 = {
						CreatedOnToolsVersion = 7.3.1;
						TestTargetID = C85050691D82DFFC00B79D09;
					};
					C850508D1D82DFFD00B79D09 = {
						CreatedOnToolsVersion = 7.3.1;
						TestTargetID = C85050691D82DFFC00B79D09;
					};
				};
			};
			buildConfigurationList = C85050651D82DFFC00B79D09 /* Build configuration list for PBXProject "demo" */;
			compatibilityVersion = "Xcode 3.2";
			developmentRegion = English;
			hasScannedForEncodings = 0;
			knownRegions = (
				en,
				Base,
			);
			mainGroup = C85050611D82DFFC00B79D09;
			productRefGroup = C850506B1D82DFFC00B79D09 /* Products */;
			projectDirPath = "";
			projectRoot = "";
			targets = (
				C85050691D82DFFC00B79D09 /* demo */,
				C85050821D82DFFD00B79D09 /* demoTests */,
				C850508D1D82DFFD00B79D09 /* demoUITests */,
			);
		};
/* End PBXProject section */

/* Begin PBXResourcesBuildPhase section */
		C85050681D82DFFC00B79D09 /* Resources */ = {
			isa = PBXResourcesBuildPhase;
			buildActionMask = 2147483647;
			files = (
				C850507D1D82DFFC00B79D09 /* LaunchScreen.storyboard in Resources */,
				C850507A1D82DFFC00B79D09 /* Assets.xcassets in Resources */,
				C85050781D82DFFC00B79D09 /* Main.storyboard in Resources */,
			);
			runOnlyForDeploymentPostprocessing = 0;
		};
		C85050811D82DFFD00B79D09 /* Resources */ = {
			isa = PBXResourcesBuildPhase;
			buildActionMask = 2147483647;
			files = (
			);
			runOnlyForDeploymentPostprocessing = 0;
		};
		C850508C1D82DFFD00B79D09 /* Resources */ = {
			isa = PBXResourcesBuildPhase;
			buildActionMask = 2147483647;
			files = (
			);
			runOnlyForDeploymentPostprocessing = 0;
		};
/* End PBXResourcesBuildPhase section */

/* Begin PBXSourcesBuildPhase section */
		C85050661D82DFFC00B79D09 /* Sources */ = {
			isa = PBXSourcesBuildPhase;
			buildActionMask = 2147483647;
			files = (
				C85050751D82DFFC00B79D09 /* ViewController.m in Sources */,
				C85050721D82DFFC00B79D09 /* AppDelegate.m in Sources */,
				C850506F1D82DFFC00B79D09 /* main.m in Sources */,
			);
			runOnlyForDeploymentPostprocessing = 0;
		};
		C850507F1D82DFFD00B79D09 /* Sources */ = {
			isa = PBXSourcesBuildPhase;
			buildActionMask = 2147483647;
			files = (
				C85050881D82DFFD00B79D09 /* demoTests.m in Sources */,
			);
			runOnlyForDeploymentPostprocessing = 0;
		};
		C850508A1D82DFFD00B79D09 /* Sources */ = {
			isa = PBXSourcesBuildPhase;
			buildActionMask = 2147483647;
			files = (
				C85050931D82DFFD00B79D09 /* demoUITests.m in Sources */,
			);
			runOnlyForDeploymentPostprocessing = 0;
		};
/* End PBXSourcesBuildPhase section */

/* Begin PBXTargetDependency section */
		C85050851D82DFFD00B79D09 /* PBXTargetDependency */ = {
			isa = PBXTargetDependency;
			target = C85050691D82DFFC00B79D09 /* demo */;
			targetProxy = C85050841D82DFFD00B79D09 /* PBXContainerItemProxy */;
		};
		C85050901D82DFFD00B79D09 /* PBXTargetDependency */ = {
			isa = PBXTargetDependency;
			target = C85050691D82DFFC00B79D09 /* demo */;
			targetProxy = C850508F1D82DFFD00B79D09 /* PBXContainerItemProxy */;
		};
/* End PBXTargetDependency section */

/* Begin PBXVariantGroup section */
		C85050761D82DFFC00B79D09 /* Main.storyboard */ = {
			isa = PBXVariantGroup;
			children = (
				C85050771D82DFFC00B79D09 /* Base */,
			);
			name = Main.storyboard;
			sourceTree = "<group>";
		};
		C850507B1D82DFFC00B79D09 /* LaunchScreen.storyboard */ = {
			isa = PBXVariantGroup;
			children = (
				C850507C1D82DFFC00B79D09 /* Base */,
			);
			name = LaunchScreen.storyboard;
			sourceTree = "<group>";
		};
/* End PBXVariantGroup section */

/* Begin XCBuildConfiguration section */
		C85050951D82DFFD00B79D09 /* Debug */ = {
			isa = XCBuildConfiguration;
			buildSettings = {
				ALWAYS_SEARCH_USER_PATHS = NO;
				CLANG_ANALYZER_NONNULL = YES;
				CLANG_CXX_LANGUAGE_STANDARD = "gnu++0x";
				CLANG_CXX_LIBRARY = "libc++";
				CLANG_ENABLE_MODULES = YES;
				CLANG_ENABLE_OBJC_ARC = YES;
				CLANG_WARN_BOOL_CONVERSION = YES;
				CLANG_WARN_CONSTANT_CONVERSION = YES;
				CLANG_WARN_DIRECT_OBJC_ISA_USAGE = YES_ERROR;
				CLANG_WARN_EMPTY_BODY = YES;
				CLANG_WARN_ENUM_CONVERSION = YES;
				CLANG_WARN_INT_CONVERSION = YES;
				CLANG_WARN_OBJC_ROOT_CLASS = YES_ERROR;
				CLANG_WARN_UNREACHABLE_CODE = YES;
				CLANG_WARN__DUPLICATE_METHOD_MATCH = YES;
				"CODE_SIGN_IDENTITY[sdk=iphoneos*]" = "iPhone Developer";
				COPY_PHASE_STRIP = NO;
				DEBUG_INFORMATION_FORMAT = dwarf;
				ENABLE_STRICT_OBJC_MSGSEND = YES;
				ENABLE_TESTABILITY = YES;
				GCC_C_LANGUAGE_STANDARD = gnu99;
				GCC_DYNAMIC_NO_PIC = NO;
				GCC_NO_COMMON_BLOCKS = YES;
				GCC_OPTIMIZATION_LEVEL = 0;
				GCC_PREPROCESSOR_DEFINITIONS = (
					"DEBUG=1",
					"$(inherited)",
				);
				GCC_WARN_64_TO_32_BIT_CONVERSION = YES;
				GCC_WARN_ABOUT_RETURN_TYPE = YES_ERROR;
				GCC_WARN_UNDECLARED_SELECTOR = YES;
				GCC_WARN_UNINITIALIZED_AUTOS = YES_AGGRESSIVE;
				GCC_WARN_UNUSED_FUNCTION = YES;
				GCC_WARN_UNUSED_VARIABLE = YES;
				IPHONEOS_DEPLOYMENT_TARGET = 9.3;
				MTL_ENABLE_DEBUG_INFO = YES;
				ONLY_ACTIVE_ARCH = YES;
				SDKROOT = iphoneos;
				TARGETED_DEVICE_FAMILY = "1,2";
			};
			name = Debug;
		};
		C85050961D82DFFD00B79D09 /* Release */ = {
			isa = XCBuildConfiguration;
			buildSettings = {
				ALWAYS_SEARCH_USER_PATHS = NO;
				CLANG_ANALYZER_NONNULL = YES;
				CLANG_CXX_LANGUAGE_STANDARD = "gnu++0x";
				CLANG_CXX_LIBRARY = "libc++";
				CLANG_ENABLE_MODULES = YES;
				CLANG_ENABLE_OBJC_ARC = YES;
				CLANG_WARN_BOOL_CONVERSION = YES;
				CLANG_WARN_CONSTANT_CONVERSION = YES;
				CLANG_WARN_DIRECT_OBJC_ISA_USAGE = YES_ERROR;
				CLANG_WARN_EMPTY_BODY = YES;
				CLANG_WARN_ENUM_CONVERSION = YES;
				CLANG_WARN_INT_CONVERSION = YES;
				CLANG_WARN_OBJC_ROOT_CLASS = YES_ERROR;
				CLANG_WARN_UNREACHABLE_CODE = YES;
				CLANG_WARN__DUPLICATE_METHOD_MATCH = YES;
				"CODE_SIGN_IDENTITY[sdk=iphoneos*]" = "iPhone Developer";
				COPY_PHASE_STRIP = NO;
				DEBUG_INFORMATION_FORMAT = "dwarf-with-dsym";
				ENABLE_NS_ASSERTIONS = NO;
				ENABLE_STRICT_OBJC_MSGSEND = YES;
				GCC_C_LANGUAGE_STANDARD = gnu99;
				GCC_NO_COMMON_BLOCKS = YES;
				GCC_WARN_64_TO_32_BIT_CONVERSION = YES;
				GCC_WARN_ABOUT_RETURN_TYPE = YES_ERROR;
				GCC_WARN_UNDECLARED_SELECTOR = YES;
				GCC_WARN_UNINITIALIZED_AUTOS = YES_AGGRESSIVE;
				GCC_WARN_UNUSED_FUNCTION = YES;
				GCC_WARN_UNUSED_VARIABLE = YES;
				IPHONEOS_DEPLOYMENT_TARGET = 9.3;
				MTL_ENABLE_DEBUG_INFO = NO;
				SDKROOT = iphoneos;
				TARGETED_DEVICE_FAMILY = "1,2";
				VALIDATE_PRODUCT = YES;
			};
			name = Release;
		};
		C85050981D82DFFD00B79D09 /* Debug */ = {
			isa = XCBuildConfiguration;
			buildSettings = {
				ASSETCATALOG_COMPILER_APPICON_NAME = AppIcon;
				INFOPLIST_FILE = demo/Info.plist;
				LD_RUNPATH_SEARCH_PATHS = "$(inherited) @executable_path/Frameworks";
				PRODUCT_BUNDLE_IDENTIFIER = com.yeeb.demo;
				PRODUCT_NAME = "$(TARGET_NAME)";
			};
			name = Debug;
		};
		C85050991D82DFFD00B79D09 /* Release */ = {
			isa = XCBuildConfiguration;
			buildSettings = {
				ASSETCATALOG_COMPILER_APPICON_NAME = AppIcon;
				INFOPLIST_FILE = demo/Info.plist;
				LD_RUNPATH_SEARCH_PATHS = "$(inherited) @executable_path/Frameworks";
				PRODUCT_BUNDLE_IDENTIFIER = com.yeeb.demo;
				PRODUCT_NAME = "$(TARGET_NAME)";
			};
			name = Release;
		};
		C850509B1D82DFFD00B79D09 /* Debug */ = {
			isa = XCBuildConfiguration;
			buildSettings = {
				BUNDLE_LOADER = "$(TEST_HOST)";
				INFOPLIST_FILE = demoTests/Info.plist;
				LD_RUNPATH_SEARCH_PATHS = "$(inherited) @executable_path/Frameworks @loader_path/Frameworks";
				PRODUCT_BUNDLE_IDENTIFIER = com.yeeb.demoTests;
				PRODUCT_NAME = "$(TARGET_NAME)";
				TEST_HOST = "$(BUILT_PRODUCTS_DIR)/demo.app/demo";
			};
			name = Debug;
		};
		C850509C1D82DFFD00B79D09 /* Release */ = {
			isa = XCBuildConfiguration;
			buildSettings = {
				BUNDLE_LOADER = "$(TEST_HOST)";
				INFOPLIST_FILE = demoTests/Info.plist;
				LD_RUNPATH_SEARCH_PATHS = "$(inherited) @executable_path/Frameworks @loader_path/Frameworks";
				PRODUCT_BUNDLE_IDENTIFIER = com.yeeb.demoTests;
				PRODUCT_NAME = "$(TARGET_NAME)";
				TEST_HOST = "$(BUILT_PRODUCTS_DIR)/demo.app/demo";
			};
			name = Release;
		};
		C850509E1D82DFFD00B79D09 /* Debug */ = {
			isa = XCBuildConfiguration;
			buildSettings = {
				INFOPLIST_FILE = demoUITests/Info.plist;
				LD_RUNPATH_SEARCH_PATHS = "$(inherited) @executable_path/Frameworks @loader_path/Frameworks";
				PRODUCT_BUNDLE_IDENTIFIER = com.yeeb.demoUITests;
				PRODUCT_NAME = "$(TARGET_NAME)";
				TEST_TARGET_NAME = demo;
			};
			name = Debug;
		};
		C850509F1D82DFFD00B79D09 /* Release */ = {
			isa = XCBuildConfiguration;
			buildSettings = {
				INFOPLIST_FILE = demoUITests/Info.plist;
				LD_RUNPATH_SEARCH_PATHS = "$(inherited) @executable_path/Frameworks @loader_path/Frameworks";
				PRODUCT_BUNDLE_IDENTIFIER = com.yeeb.demoUITests;
				PRODUCT_NAME = "$(TARGET_NAME)";
				TEST_TARGET_NAME = demo;
			};
			name = Release;
		};
/* End XCBuildConfiguration section */

/* Begin XCConfigurationList section */
		C85050651D82DFFC00B79D09 /* Build configuration list for PBXProject "demo" */ = {
			isa = XCConfigurationList;
			buildConfigurations = (
				C85050951D82DFFD00B79D09 /* Debug */,
				C85050961D82DFFD00B79D09 /* Release */,
			);
			defaultConfigurationIsVisible = 0;
			defaultConfigurationName = Release;
		};
		C85050971D82DFFD00B79D09 /* Build configuration list for PBXNativeTarget "demo" */ = {
			isa = XCConfigurationList;
			buildConfigurations = (
				C85050981D82DFFD00B79D09 /* Debug */,
				C85050991D82DFFD00B79D09 /* Release */,
			);
			defaultConfigurationIsVisible = 0;
		};
		C850509A1D82DFFD00B79D09 /* Build configuration list for PBXNativeTarget "demoTests" */ = {
			isa = XCConfigurationList;
			buildConfigurations = (
				C850509B1D82DFFD00B79D09 /* Debug */,
				C850509C1D82DFFD00B79D09 /* Release */,
			);
			defaultConfigurationIsVisible = 0;
		};
		C850509D1D82DFFD00B79D09 /* Build configuration list for PBXNativeTarget "demoUITests" */ = {
			isa = XCConfigurationList;
			buildConfigurations = (
				C850509E1D82DFFD00B79D09 /* Debug */,
				C850509F1D82DFFD00B79D09 /* Release */,
			);
			defaultConfigurationIsVisible = 0;
		};
/* End XCConfigurationList section */
	};
	rootObject = C85050621D82DFFC00B79D09 /* Project object */;
}
